
Microsoft Visual Studio Solution File, Format Version 12.00
# Visual Studio Version 17
VisualStudioVersion = 17.8.34330.188
MinimumVisualStudioVersion = 10.0.40219.1
Project("{FAE04EC0-301F-11D3-BF4B-00C04F79EFBC}") = "BankingCore", "BankingCore\BankingCore.csproj", "{BACC6BF6-4285-46A4-BD27-A3B17C81E465}"
EndProject
Global
	GlobalSection(SolutionConfigurationPlatforms) = preSolution
		Debug|Any CPU = Debug|Any CPU
		Release|Any CPU = Release|Any CPU
	EndGlobalSection
	GlobalSection(ProjectConfigurationPlatforms) = postSolution
		{BACC6BF6-4285-46A4-BD27-A3B17C81E465}.Debug|Any CPU.ActiveCfg = Debug|Any CPU
		{BACC6BF6-4285-46A4-BD27-A3B17C81E465}.Debug|Any CPU.Build.0 = Debug|Any CPU
		{BACC6BF6-4285-46A4-BD27-A3B17C81E465}.Release|Any CPU.ActiveCfg = Release|Any CPU
		{BACC6BF6-4285-46A4-BD27-A3B17C81E465}.Release|Any CPU.Build.0 = Release|Any CPU
	EndGlobalSection
	GlobalSection(SolutionProperties) = preSolution
		HideSolutionNode = FALSE
	EndGlobalSection
	GlobalSection(ExtensibilityGlobals) = postSolution
		SolutionGuid = {8055F19D-3534-4477-8BA6-FB2D3A75FA6A}
	EndGlobalSection
EndGlobal
